
Microsoft Visual Studio Solution File, Format Version 12.00
# Visual Studio Version 17
VisualStudioVersion = 17.7.34024.191
MinimumVisualStudioVersion = 10.0.40219.1
Project("{FAE04EC0-301F-11D3-BF4B-00C04F79EFBC}") = "Trabajo Final - Desarrollo de Proyectos con Software Libre", "Trabajo Final - Desarrollo de Proyectos con Software Libre\Trabajo Final - Desarrollo de Proyectos con Software Libre.csproj", "{3793FD9C-314B-4020-88E3-E6A0C208E0E9}"
EndProject
Global
	GlobalSection(SolutionConfigurationPlatforms) = preSolution
		Debug|Any CPU = Debug|Any CPU
		Release|Any CPU = Release|Any CPU
	EndGlobalSection
	GlobalSection(ProjectConfigurationPlatforms) = postSolution
		{3793FD9C-314B-4020-88E3-E6A0C208E0E9}.Debug|Any CPU.ActiveCfg = Debug|Any CPU
		{3793FD9C-314B-4020-88E3-E6A0C208E0E9}.Debug|Any CPU.Build.0 = Debug|Any CPU
		{3793FD9C-314B-4020-88E3-E6A0C208E0E9}.Release|Any CPU.ActiveCfg = Release|Any CPU
		{3793FD9C-314B-4020-88E3-E6A0C208E0E9}.Release|Any CPU.Build.0 = Release|Any CPU
	EndGlobalSection
	GlobalSection(SolutionProperties) = preSolution
		HideSolutionNode = FALSE
	EndGlobalSection
	GlobalSection(ExtensibilityGlobals) = postSolution
		SolutionGuid = {E7BB1703-8EDC-4638-B046-5496D554A9EF}
	EndGlobalSection
EndGlobal
